
Microsoft Visual Studio Solution File, Format Version 12.00
# Visual Studio Version 16
VisualStudioVersion = 16.0.32002.261
MinimumVisualStudioVersion = 10.0.40219.1
Project("{FAE04EC0-301F-11D3-BF4B-00C04F79EFBC}") = "ConsoleLab9_1", "ConsoleLab9_1\ConsoleLab9_1.csproj", "{1E126A5F-E740-4AA3-83C2-A6AC3C008F00}"
EndProject
Global
	GlobalSection(SolutionConfigurationPlatforms) = preSolution
		Debug|Any CPU = Debug|Any CPU
		Release|Any CPU = Release|Any CPU
	EndGlobalSection
	GlobalSection(ProjectConfigurationPlatforms) = postSolution
		{1E126A5F-E740-4AA3-83C2-A6AC3C008F00}.Debug|Any CPU.ActiveCfg = Debug|Any CPU
		{1E126A5F-E740-4AA3-83C2-A6AC3C008F00}.Debug|Any CPU.Build.0 = Debug|Any CPU
		{1E126A5F-E740-4AA3-83C2-A6AC3C008F00}.Release|Any CPU.ActiveCfg = Release|Any CPU
		{1E126A5F-E740-4AA3-83C2-A6AC3C008F00}.Release|Any CPU.Build.0 = Release|Any CPU
	EndGlobalSection
	GlobalSection(SolutionProperties) = preSolution
		HideSolutionNode = FALSE
	EndGlobalSection
	GlobalSection(ExtensibilityGlobals) = postSolution
		SolutionGuid = {7D66D251-C41A-49F0-B9E9-F679FDEE6966}
	EndGlobalSection
EndGlobal
